
Microsoft Visual Studio Solution File, Format Version 12.00
# Visual Studio Version 17
VisualStudioVersion = 17.1.32210.238
MinimumVisualStudioVersion = 10.0.40219.1
Project("{FAE04EC0-301F-11D3-BF4B-00C04F79EFBC}") = "Hesap_Mak_3", "Hesap_Mak_3\Hesap_Mak_3.csproj", "{EE44BFA3-7848-47E2-B3A5-A36B6E5B134F}"
EndProject
Global
	GlobalSection(SolutionConfigurationPlatforms) = preSolution
		Debug|Any CPU = Debug|Any CPU
		Release|Any CPU = Release|Any CPU
	EndGlobalSection
	GlobalSection(ProjectConfigurationPlatforms) = postSolution
		{EE44BFA3-7848-47E2-B3A5-A36B6E5B134F}.Debug|Any CPU.ActiveCfg = Debug|Any CPU
		{EE44BFA3-7848-47E2-B3A5-A36B6E5B134F}.Debug|Any CPU.Build.0 = Debug|Any CPU
		{EE44BFA3-7848-47E2-B3A5-A36B6E5B134F}.Release|Any CPU.ActiveCfg = Release|Any CPU
		{EE44BFA3-7848-47E2-B3A5-A36B6E5B134F}.Release|Any CPU.Build.0 = Release|Any CPU
	EndGlobalSection
	GlobalSection(SolutionProperties) = preSolution
		HideSolutionNode = FALSE
	EndGlobalSection
	GlobalSection(ExtensibilityGlobals) = postSolution
		SolutionGuid = {5DAD1516-3F79-4F05-8F93-99BEDA221780}
	EndGlobalSection
EndGlobal
